// !$*UTF8*$!
{
	archiveVersion = 1;
	classes = {
	};
	objectVersion = 50;
	objects = {

/* Begin PBXBuildFile section */
		661090F22352E10A006D7B6B /* AppDelegate.swift in Sources */ = {isa = PBXBuildFile; fileRef = 661090F12352E10A006D7B6B /* AppDelegate.swift */; };
		661090F42352E10A006D7B6B /* SceneDelegate.swift in Sources */ = {isa = PBXBuildFile; fileRef = 661090F32352E10A006D7B6B /* SceneDelegate.swift */; };
		661090F62352E10A006D7B6B /* DateViewController.swift in Sources */ = {isa = PBXBuildFile; fileRef = 661090F52352E10A006D7B6B /* DateViewController.swift */; };
		661090F92352E10A006D7B6B /* Main.storyboard in Resources */ = {isa = PBXBuildFile; fileRef = 661090F72352E10A006D7B6B /* Main.storyboard */; };
		661090FB2352E10C006D7B6B /* Assets.xcassets in Resources */ = {isa = PBXBuildFile; fileRef = 661090FA2352E10C006D7B6B /* Assets.xcassets */; };
		661090FE2352E10C006D7B6B /* LaunchScreen.storyboard in Resources */ = {isa = PBXBuildFile; fileRef = 661090FC2352E10C006D7B6B /* LaunchScreen.storyboard */; };
		661091062352E19E006D7B6B /* DiaryViewController.swift in Sources */ = {isa = PBXBuildFile; fileRef = 661091052352E19E006D7B6B /* DiaryViewController.swift */; };
		661091082352E1B0006D7B6B /* DetailViewController.swift in Sources */ = {isa = PBXBuildFile; fileRef = 661091072352E1B0006D7B6B /* DetailViewController.swift */; };
		6610910A2352EBD7006D7B6B /* TableViewController.swift in Sources */ = {isa = PBXBuildFile; fileRef = 661091092352EBD7006D7B6B /* TableViewController.swift */; };
		6610915A2353118F006D7B6B /* InfoViewController.swift in Sources */ = {isa = PBXBuildFile; fileRef = 661091592353118F006D7B6B /* InfoViewController.swift */; };
		6610915C23531217006D7B6B /* kid_seikaku_kachiki_boy.png in Resources */ = {isa = PBXBuildFile; fileRef = 6610915B23531217006D7B6B /* kid_seikaku_kachiki_boy.png */; };
		6610915E23531226006D7B6B /* calender_himekuri.png in Resources */ = {isa = PBXBuildFile; fileRef = 6610915D23531226006D7B6B /* calender_himekuri.png */; };
/* End PBXBuildFile section */

/* Begin PBXFileReference section */
		661090EE2352E10A006D7B6B /* TestMemo.app */ = {isa = PBXFileReference; explicitFileType = wrapper.application; includeInIndex = 0; path = TestMemo.app; sourceTree = BUILT_PRODUCTS_DIR; };
		661090F12352E10A006D7B6B /* AppDelegate.swift */ = {isa = PBXFileReference; lastKnownFileType = sourcecode.swift; path = AppDelegate.swift; sourceTree = "<group>"; };
		661090F32352E10A006D7B6B /* SceneDelegate.swift */ = {isa = PBXFileReference; lastKnownFileType = sourcecode.swift; path = SceneDelegate.swift; sourceTree = "<group>"; };
		661090F52352E10A006D7B6B /* DateViewController.swift */ = {isa = PBXFileReference; lastKnownFileType = sourcecode.swift; path = DateViewController.swift; sourceTree = "<group>"; };
		661090F82352E10A006D7B6B /* Base */ = {isa = PBXFileReference; lastKnownFileType = file.storyboard; name = Base; path = Base.lproj/Main.storyboard; sourceTree = "<group>"; };
		661090FA2352E10C006D7B6B /* Assets.xcassets */ = {isa = PBXFileReference; lastKnownFileType = folder.assetcatalog; path = Assets.xcassets; sourceTree = "<group>"; };
		661090FD2352E10C006D7B6B /* Base */ = {isa = PBXFileReference; lastKnownFileType = file.storyboard; name = Base; path = Base.lproj/LaunchScreen.storyboard; sourceTree = "<group>"; };
		661090FF2352E10C006D7B6B /* Info.plist */ = {isa = PBXFileReference; lastKnownFileType = text.plist.xml; path = Info.plist; sourceTree = "<group>"; };
		661091052352E19E006D7B6B /* DiaryViewController.swift */ = {isa = PBXFileReference; lastKnownFileType = sourcecode.swift; path = DiaryViewController.swift; sourceTree = "<group>"; };
		661091072352E1B0006D7B6B /* DetailViewController.swift */ = {isa = PBXFileReference; lastKnownFileType = sourcecode.swift; path = DetailViewController.swift; sourceTree = "<group>"; };
		661091092352EBD7006D7B6B /* TableViewController.swift */ = {isa = PBXFileReference; lastKnownFileType = sourcecode.swift; path = TableViewController.swift; sourceTree = "<group>"; };
		661091592353118F006D7B6B /* InfoViewController.swift */ = {isa = PBXFileReference; lastKnownFileType = sourcecode.swift; path = InfoViewController.swift; sourceTree = "<group>"; };
		6610915B23531217006D7B6B /* kid_seikaku_kachiki_boy.png */ = {isa = PBXFileReference; lastKnownFileType = image.png; path = kid_seikaku_kachiki_boy.png; sourceTree = "<group>"; };
		6610915D23531226006D7B6B /* calender_himekuri.png */ = {isa = PBXFileReference; lastKnownFileType = image.png; path = calender_himekuri.png; sourceTree = "<group>"; };
/* End PBXFileReference section */

/* Begin PBXFrameworksBuildPhase section */
		661090EB2352E10A006D7B6B /* Frameworks */ = {
			isa = PBXFrameworksBuildPhase;
			buildActionMask = 2147483647;
			files = (
			);
			runOnlyForDeploymentPostprocessing = 0;
		};
/* End PBXFrameworksBuildPhase section */

/* Begin PBXGroup section */
		661090E52352E10A006D7B6B = {
			isa = PBXGroup;
			children = (
				661090F02352E10A006D7B6B /* TestMemo */,
				661090EF2352E10A006D7B6B /* Products */,
			);
			sourceTree = "<group>";
		};
		661090EF2352E10A006D7B6B /* Products */ = {
			isa = PBXGroup;
			children = (
				661090EE2352E10A006D7B6B /* TestMemo.app */,
			);
			name = Products;
			sourceTree = "<group>";
		};
		661090F02352E10A006D7B6B /* TestMemo */ = {
			isa = PBXGroup;
			children = (
				6610915D23531226006D7B6B /* calender_himekuri.png */,
				6610915B23531217006D7B6B /* kid_seikaku_kachiki_boy.png */,
				661090F12352E10A006D7B6B /* AppDelegate.swift */,
				661090F32352E10A006D7B6B /* SceneDelegate.swift */,
				661091092352EBD7006D7B6B /* TableViewController.swift */,
				661090F52352E10A006D7B6B /* DateViewController.swift */,
				661091052352E19E006D7B6B /* DiaryViewController.swift */,
				661091072352E1B0006D7B6B /* DetailViewController.swift */,
				661091592353118F006D7B6B /* InfoViewController.swift */,
				661090F72352E10A006D7B6B /* Main.storyboard */,
				661090FA2352E10C006D7B6B /* Assets.xcassets */,
				661090FC2352E10C006D7B6B /* LaunchScreen.storyboard */,
				661090FF2352E10C006D7B6B /* Info.plist */,
			);
			path = TestMemo;
			sourceTree = "<group>";
		};
/* End PBXGroup section */

/* Begin PBXNativeTarget section */
		661090ED2352E10A006D7B6B /* TestMemo */ = {
			isa = PBXNativeTarget;
			buildConfigurationList = 661091022352E10C006D7B6B /* Build configuration list for PBXNativeTarget "TestMemo" */;
			buildPhases = (
				661090EA2352E10A006D7B6B /* Sources */,
				661090EB2352E10A006D7B6B /* Frameworks */,
				661090EC2352E10A006D7B6B /* Resources */,
			);
			buildRules = (
			);
			dependencies = (
			);
			name = TestMemo;
			productName = TestMemo;
			productReference = 661090EE2352E10A006D7B6B /* TestMemo.app */;
			productType = "com.apple.product-type.application";
		};
/* End PBXNativeTarget section */

/* Begin PBXProject section */
		661090E62352E10A006D7B6B /* Project object */ = {
			isa = PBXProject;
			attributes = {
				LastSwiftUpdateCheck = 1110;
				LastUpgradeCheck = 1110;
				ORGANIZATIONNAME = litech;
				TargetAttributes = {
					661090ED2352E10A006D7B6B = {
						CreatedOnToolsVersion = 11.1;
					};
				};
			};
			buildConfigurationList = 661090E92352E10A006D7B6B /* Build configuration list for PBXProject "TestMemo" */;
			compatibilityVersion = "Xcode 9.3";
			developmentRegion = en;
			hasScannedForEncodings = 0;
			knownRegions = (
				en,
				Base,
			);
			mainGroup = 661090E52352E10A006D7B6B;
			productRefGroup = 661090EF2352E10A006D7B6B /* Products */;
			projectDirPath = "";
			projectRoot = "";
			targets = (
				661090ED2352E10A006D7B6B /* TestMemo */,
			);
		};
/* End PBXProject section */

/* Begin PBXResourcesBuildPhase section */
		661090EC2352E10A006D7B6B /* Resources */ = {
			isa = PBXResourcesBuildPhase;
			buildActionMask = 2147483647;
			files = (
				661090FE2352E10C006D7B6B /* LaunchScreen.storyboard in Resources */,
				661090FB2352E10C006D7B6B /* Assets.xcassets in Resources */,
				6610915E23531226006D7B6B /* calender_himekuri.png in Resources */,
				6610915C23531217006D7B6B /* kid_seikaku_kachiki_boy.png in Resources */,
				661090F92352E10A006D7B6B /* Main.storyboard in Resources */,
			);
			runOnlyForDeploymentPostprocessing = 0;
		};
/* End PBXResourcesBuildPhase section */

/* Begin PBXSourcesBuildPhase section */
		661090EA2352E10A006D7B6B /* Sources */ = {
			isa = PBXSourcesBuildPhase;
			buildActionMask = 2147483647;
			files = (
				661091062352E19E006D7B6B /* DiaryViewController.swift in Sources */,
				6610910A2352EBD7006D7B6B /* TableViewController.swift in Sources */,
				661090F62352E10A006D7B6B /* DateViewController.swift in Sources */,
				6610915A2353118F006D7B6B /* InfoViewController.swift in Sources */,
				661091082352E1B0006D7B6B /* DetailViewController.swift in Sources */,
				661090F22352E10A006D7B6B /* AppDelegate.swift in Sources */,
				661090F42352E10A006D7B6B /* SceneDelegate.swift in Sources */,
			);
			runOnlyForDeploymentPostprocessing = 0;
		};
/* End PBXSourcesBuildPhase section */

/* Begin PBXVariantGroup section */
		661090F72352E10A006D7B6B /* Main.storyboard */ = {
			isa = PBXVariantGroup;
			children = (
				661090F82352E10A006D7B6B /* Base */,
			);
			name = Main.storyboard;
			sourceTree = "<group>";
		};
		661090FC2352E10C006D7B6B /* LaunchScreen.storyboard */ = {
			isa = PBXVariantGroup;
			children = (
				661090FD2352E10C006D7B6B /* Base */,
			);
			name = LaunchScreen.storyboard;
			sourceTree = "<group>";
		};
/* End PBXVariantGroup section */

/* Begin XCBuildConfiguration section */
		661091002352E10C006D7B6B /* Debug */ = {
			isa = XCBuildConfiguration;
			buildSettings = {
				ALWAYS_SEARCH_USER_PATHS = NO;
				CLANG_ANALYZER_NONNULL = YES;
				CLANG_ANALYZER_NUMBER_OBJECT_CONVERSION = YES_AGGRESSIVE;
				CLANG_CXX_LANGUAGE_STANDARD = "gnu++14";
				CLANG_CXX_LIBRARY = "libc++";
				CLANG_ENABLE_MODULES = YES;
				CLANG_ENABLE_OBJC_ARC = YES;
				CLANG_ENABLE_OBJC_WEAK = YES;
				CLANG_WARN_BLOCK_CAPTURE_AUTORELEASING = YES;
				CLANG_WARN_BOOL_CONVERSION = YES;
				CLANG_WARN_COMMA = YES;
				CLANG_WARN_CONSTANT_CONVERSION = YES;
				CLANG_WARN_DEPRECATED_OBJC_IMPLEMENTATIONS = YES;
				CLANG_WARN_DIRECT_OBJC_ISA_USAGE = YES_ERROR;
				CLANG_WARN_DOCUMENTATION_COMMENTS = YES;
				CLANG_WARN_EMPTY_BODY = YES;
				CLANG_WARN_ENUM_CONVERSION = YES;
				CLANG_WARN_INFINITE_RECURSION = YES;
				CLANG_WARN_INT_CONVERSION = YES;
				CLANG_WARN_NON_LITERAL_NULL_CONVERSION = YES;
				CLANG_WARN_OBJC_IMPLICIT_RETAIN_SELF = YES;
				CLANG_WARN_OBJC_LITERAL_CONVERSION = YES;
				CLANG_WARN_OBJC_ROOT_CLASS = YES_ERROR;
				CLANG_WARN_RANGE_LOOP_ANALYSIS = YES;
				CLANG_WARN_STRICT_PROTOTYPES = YES;
				CLANG_WARN_SUSPICIOUS_MOVE = YES;
				CLANG_WARN_UNGUARDED_AVAILABILITY = YES_AGGRESSIVE;
				CLANG_WARN_UNREACHABLE_CODE = YES;
				CLANG_WARN__DUPLICATE_METHOD_MATCH = YES;
				COPY_PHASE_STRIP = NO;
				DEBUG_INFORMATION_FORMAT = dwarf;
				ENABLE_STRICT_OBJC_MSGSEND = YES;
				ENABLE_TESTABILITY = YES;
				GCC_C_LANGUAGE_STANDARD = gnu11;
				GCC_DYNAMIC_NO_PIC = NO;
				GCC_NO_COMMON_BLOCKS = YES;
				GCC_OPTIMIZATION_LEVEL = 0;
				GCC_PREPROCESSOR_DEFINITIONS = (
					"DEBUG=1",
					"$(inherited)",
				);
				GCC_WARN_64_TO_32_BIT_CONVERSION = YES;
				GCC_WARN_ABOUT_RETURN_TYPE = YES_ERROR;
				GCC_WARN_UNDECLARED_SELECTOR = YES;
				GCC_WARN_UNINITIALIZED_AUTOS = YES_AGGRESSIVE;
				GCC_WARN_UNUSED_FUNCTION = YES;
				GCC_WARN_UNUSED_VARIABLE = YES;
				IPHONEOS_DEPLOYMENT_TARGET = 13.1;
				MTL_ENABLE_DEBUG_INFO = INCLUDE_SOURCE;
				MTL_FAST_MATH = YES;
				ONLY_ACTIVE_ARCH = YES;
				SDKROOT = iphoneos;
				SWIFT_ACTIVE_COMPILATION_CONDITIONS = DEBUG;
				SWIFT_OPTIMIZATION_LEVEL = "-Onone";
			};
			name = Debug;
		};
		661091012352E10C006D7B6B /* Release */ = {
			isa = XCBuildConfiguration;
			buildSettings = {
				ALWAYS_SEARCH_USER_PATHS = NO;
				CLANG_ANALYZER_NONNULL = YES;
				CLANG_ANALYZER_NUMBER_OBJECT_CONVERSION = YES_AGGRESSIVE;
				CLANG_CXX_LANGUAGE_STANDARD = "gnu++14";
				CLANG_CXX_LIBRARY = "libc++";
				CLANG_ENABLE_MODULES = YES;
				CLANG_ENABLE_OBJC_ARC = YES;
				CLANG_ENABLE_OBJC_WEAK = YES;
				CLANG_WARN_BLOCK_CAPTURE_AUTORELEASING = YES;
				CLANG_WARN_BOOL_CONVERSION = YES;
				CLANG_WARN_COMMA = YES;
				CLANG_WARN_CONSTANT_CONVERSION = YES;
				CLANG_WARN_DEPRECATED_OBJC_IMPLEMENTATIONS = YES;
				CLANG_WARN_DIRECT_OBJC_ISA_USAGE = YES_ERROR;
				CLANG_WARN_DOCUMENTATION_COMMENTS = YES;
				CLANG_WARN_EMPTY_BODY = YES;
				CLANG_WARN_ENUM_CONVERSION = YES;
				CLANG_WARN_INFINITE_RECURSION = YES;
				CLANG_WARN_INT_CONVERSION = YES;
				CLANG_WARN_NON_LITERAL_NULL_CONVERSION = YES;
				CLANG_WARN_OBJC_IMPLICIT_RETAIN_SELF = YES;
				CLANG_WARN_OBJC_LITERAL_CONVERSION = YES;
				CLANG_WARN_OBJC_ROOT_CLASS = YES_ERROR;
				CLANG_WARN_RANGE_LOOP_ANALYSIS = YES;
				CLANG_WARN_STRICT_PROTOTYPES = YES;
				CLANG_WARN_SUSPICIOUS_MOVE = YES;
				CLANG_WARN_UNGUARDED_AVAILABILITY = YES_AGGRESSIVE;
				CLANG_WARN_UNREACHABLE_CODE = YES;
				CLANG_WARN__DUPLICATE_METHOD_MATCH = YES;
				COPY_PHASE_STRIP = NO;
				DEBUG_INFORMATION_FORMAT = "dwarf-with-dsym";
				ENABLE_NS_ASSERTIONS = NO;
				ENABLE_STRICT_OBJC_MSGSEND = YES;
				GCC_C_LANGUAGE_STANDARD = gnu11;
				GCC_NO_COMMON_BLOCKS = YES;
				GCC_WARN_64_TO_32_BIT_CONVERSION = YES;
				GCC_WARN_ABOUT_RETURN_TYPE = YES_ERROR;
				GCC_WARN_UNDECLARED_SELECTOR = YES;
				GCC_WARN_UNINITIALIZED_AUTOS = YES_AGGRESSIVE;
				GCC_WARN_UNUSED_FUNCTION = YES;
				GCC_WARN_UNUSED_VARIABLE = YES;
				IPHONEOS_DEPLOYMENT_TARGET = 13.1;
				MTL_ENABLE_DEBUG_INFO = NO;
				MTL_FAST_MATH = YES;
				SDKROOT = iphoneos;
				SWIFT_COMPILATION_MODE = wholemodule;
				SWIFT_OPTIMIZATION_LEVEL = "-O";
				VALIDATE_PRODUCT = YES;
			};
			name = Release;
		};
		661091032352E10C006D7B6B /* Debug */ = {
			isa = XCBuildConfiguration;
			buildSettings = {
				ASSETCATALOG_COMPILER_APPICON_NAME = AppIcon;
				CODE_SIGN_STYLE = Automatic;
				INFOPLIST_FILE = TestMemo/Info.plist;
				LD_RUNPATH_SEARCH_PATHS = (
					"$(inherited)",
					"@executable_path/Frameworks",
				);
				PRODUCT_BUNDLE_IDENTIFIER = com.litech.TestMemo;
				PRODUCT_NAME = "$(TARGET_NAME)";
				SWIFT_VERSION = 5.0;
				TARGETED_DEVICE_FAMILY = "1,2";
			};
			name = Debug;
		};
		661091042352E10C006D7B6B /* Release */ = {
			isa = XCBuildConfiguration;
			buildSettings = {
				ASSETCATALOG_COMPILER_APPICON_NAME = AppIcon;
				CODE_SIGN_STYLE = Automatic;
				INFOPLIST_FILE = TestMemo/Info.plist;
				LD_RUNPATH_SEARCH_PATHS = (
					"$(inherited)",
					"@executable_path/Frameworks",
				);
				PRODUCT_BUNDLE_IDENTIFIER = com.litech.TestMemo;
				PRODUCT_NAME = "$(TARGET_NAME)";
				SWIFT_VERSION = 5.0;
				TARGETED_DEVICE_FAMILY = "1,2";
			};
			name = Release;
		};
/* End XCBuildConfiguration section */

/* Begin XCConfigurationList section */
		661090E92352E10A006D7B6B /* Build configuration list for PBXProject "TestMemo" */ = {
			isa = XCConfigurationList;
			buildConfigurations = (
				661091002352E10C006D7B6B /* Debug */,
				661091012352E10C006D7B6B /* Release */,
			);
			defaultConfigurationIsVisible = 0;
			defaultConfigurationName = Release;
		};
		661091022352E10C006D7B6B /* Build configuration list for PBXNativeTarget "TestMemo" */ = {
			isa = XCConfigurationList;
			buildConfigurations = (
				661091032352E10C006D7B6B /* Debug */,
				661091042352E10C006D7B6B /* Release */,
			);
			defaultConfigurationIsVisible = 0;
			defaultConfigurationName = Release;
		};
/* End XCConfigurationList section */
	};
	rootObject = 661090E62352E10A006D7B6B /* Project object */;
}
